{
  "requires": true,
  "lockfileVersion": 1,
  "dependencies": {
    "node-red-contrib-float": {
      "version": "1.0.3",
      "resolved": "https://registry.npmjs.org/node-red-contrib-float/-/node-red-contrib-float-1.0.3.tgz",
      "integrity": "sha512-FdHpxP+OK4E6tV5UeTksaCSGT3XV0qH9LrwkAhWFCH+BlY2gmIt08O7Ou/6/JFZBBFGoa6ksMkFRHU7LfwR1Vw=="
    }
  }
}
